
Microsoft Visual Studio Solution File, Format Version 12.00
# Visual Studio Version 17
VisualStudioVersion = 17.11.35312.102
MinimumVisualStudioVersion = 10.0.40219.1
Project("{FAE04EC0-301F-11D3-BF4B-00C04F79EFBC}") = "Design Pattern", "Design Pattern\Design Pattern.csproj", "{09EFC8F2-512A-4671-828A-C98D23EABA03}"
EndProject
Global
	GlobalSection(SolutionConfigurationPlatforms) = preSolution
		Debug|Any CPU = Debug|Any CPU
		Release|Any CPU = Release|Any CPU
	EndGlobalSection
	GlobalSection(ProjectConfigurationPlatforms) = postSolution
		{09EFC8F2-512A-4671-828A-C98D23EABA03}.Debug|Any CPU.ActiveCfg = Debug|Any CPU
		{09EFC8F2-512A-4671-828A-C98D23EABA03}.Debug|Any CPU.Build.0 = Debug|Any CPU
		{09EFC8F2-512A-4671-828A-C98D23EABA03}.Release|Any CPU.ActiveCfg = Release|Any CPU
		{09EFC8F2-512A-4671-828A-C98D23EABA03}.Release|Any CPU.Build.0 = Release|Any CPU
	EndGlobalSection
	GlobalSection(SolutionProperties) = preSolution
		HideSolutionNode = FALSE
	EndGlobalSection
	GlobalSection(ExtensibilityGlobals) = postSolution
		SolutionGuid = {DCE49E7D-3ADF-442D-8DC9-ED8DB12DB0C0}
	EndGlobalSection
EndGlobal
